// !$*UTF8*$!
{
	archiveVersion = 1;
	classes = {
	};
	objectVersion = 56;
	objects = {

/* Begin PBXBuildFile section */
		2DFF7229775EF19D1187F47A /* Pods_NASA.framework in Frameworks */ = {isa = PBXBuildFile; fileRef = 750E26272D86C94E4AA6D679 /* Pods_NASA.framework */; };
		78DBB7596C7911BF281D7DBF /* Pods_NASA_NASAUITests.framework in Frameworks */ = {isa = PBXBuildFile; fileRef = 5497B474F2E50E9F971B783C /* Pods_NASA_NASAUITests.framework */; };
		C350B61229F39E9F00EBB8C2 /* ImageViewModel.swift in Sources */ = {isa = PBXBuildFile; fileRef = C350B61129F39E9F00EBB8C2 /* ImageViewModel.swift */; };
		C3F909E829F34B3500E6B2CF /* AppDelegate.swift in Sources */ = {isa = PBXBuildFile; fileRef = C3F909E729F34B3500E6B2CF /* AppDelegate.swift */; };
		C3F909EA29F34B3500E6B2CF /* SceneDelegate.swift in Sources */ = {isa = PBXBuildFile; fileRef = C3F909E929F34B3500E6B2CF /* SceneDelegate.swift */; };
		C3F909F129F34B3600E6B2CF /* Assets.xcassets in Resources */ = {isa = PBXBuildFile; fileRef = C3F909F029F34B3600E6B2CF /* Assets.xcassets */; };
		C3F909F429F34B3600E6B2CF /* LaunchScreen.storyboard in Resources */ = {isa = PBXBuildFile; fileRef = C3F909F229F34B3600E6B2CF /* LaunchScreen.storyboard */; };
		C3F909FF29F34B3600E6B2CF /* NASATests.swift in Sources */ = {isa = PBXBuildFile; fileRef = C3F909FE29F34B3600E6B2CF /* NASATests.swift */; };
		C3F90A0929F34B3600E6B2CF /* NASAUITests.swift in Sources */ = {isa = PBXBuildFile; fileRef = C3F90A0829F34B3600E6B2CF /* NASAUITests.swift */; };
		C3F90A0B29F34B3600E6B2CF /* NASAUITestsLaunchTests.swift in Sources */ = {isa = PBXBuildFile; fileRef = C3F90A0A29F34B3600E6B2CF /* NASAUITestsLaunchTests.swift */; };
		C3F90A1D29F34F9300E6B2CF /* CollectionViewController.swift in Sources */ = {isa = PBXBuildFile; fileRef = C3F90A1C29F34F9300E6B2CF /* CollectionViewController.swift */; };
		C3F90A1F29F34FEB00E6B2CF /* ImageManager.swift in Sources */ = {isa = PBXBuildFile; fileRef = C3F90A1E29F34FEB00E6B2CF /* ImageManager.swift */; };
		C3F90A2129F35B3B00E6B2CF /* CollectionViewCell.swift in Sources */ = {isa = PBXBuildFile; fileRef = C3F90A2029F35B3B00E6B2CF /* CollectionViewCell.swift */; };
		C3F90A2329F35CBE00E6B2CF /* Image.swift in Sources */ = {isa = PBXBuildFile; fileRef = C3F90A2229F35CBE00E6B2CF /* Image.swift */; };
		F47FA057C471F64998A5EE0A /* Pods_NASATests.framework in Frameworks */ = {isa = PBXBuildFile; fileRef = 22D30CF2BCB5973A4D5455C8 /* Pods_NASATests.framework */; };
/* End PBXBuildFile section */

/* Begin PBXContainerItemProxy section */
		C3F909FB29F34B3600E6B2CF /* PBXContainerItemProxy */ = {
			isa = PBXContainerItemProxy;
			containerPortal = C3F909DC29F34B3500E6B2CF /* Project object */;
			proxyType = 1;
			remoteGlobalIDString = C3F909E329F34B3500E6B2CF;
			remoteInfo = NASA;
		};
		C3F90A0529F34B3600E6B2CF /* PBXContainerItemProxy */ = {
			isa = PBXContainerItemProxy;
			containerPortal = C3F909DC29F34B3500E6B2CF /* Project object */;
			proxyType = 1;
			remoteGlobalIDString = C3F909E329F34B3500E6B2CF;
			remoteInfo = NASA;
		};
/* End PBXContainerItemProxy section */

/* Begin PBXFileReference section */
		0A68C90D0CD1496695E0E533 /* Pods-NASATests.release.xcconfig */ = {isa = PBXFileReference; includeInIndex = 1; lastKnownFileType = text.xcconfig; name = "Pods-NASATests.release.xcconfig"; path = "Target Support Files/Pods-NASATests/Pods-NASATests.release.xcconfig"; sourceTree = "<group>"; };
		22D30CF2BCB5973A4D5455C8 /* Pods_NASATests.framework */ = {isa = PBXFileReference; explicitFileType = wrapper.framework; includeInIndex = 0; path = Pods_NASATests.framework; sourceTree = BUILT_PRODUCTS_DIR; };
		3B433949CAF918F1FB38A815 /* Pods-NASA.release.xcconfig */ = {isa = PBXFileReference; includeInIndex = 1; lastKnownFileType = text.xcconfig; name = "Pods-NASA.release.xcconfig"; path = "Target Support Files/Pods-NASA/Pods-NASA.release.xcconfig"; sourceTree = "<group>"; };
		4056E326E41ACDA0FA68764B /* Pods-NASA.debug.xcconfig */ = {isa = PBXFileReference; includeInIndex = 1; lastKnownFileType = text.xcconfig; name = "Pods-NASA.debug.xcconfig"; path = "Target Support Files/Pods-NASA/Pods-NASA.debug.xcconfig"; sourceTree = "<group>"; };
		407CEB148C94E5AE0C05793B /* Pods-NASATests.debug.xcconfig */ = {isa = PBXFileReference; includeInIndex = 1; lastKnownFileType = text.xcconfig; name = "Pods-NASATests.debug.xcconfig"; path = "Target Support Files/Pods-NASATests/Pods-NASATests.debug.xcconfig"; sourceTree = "<group>"; };
		4D3B20928738A7B62C6F1CF7 /* Pods-NASA-NASAUITests.release.xcconfig */ = {isa = PBXFileReference; includeInIndex = 1; lastKnownFileType = text.xcconfig; name = "Pods-NASA-NASAUITests.release.xcconfig"; path = "Target Support Files/Pods-NASA-NASAUITests/Pods-NASA-NASAUITests.release.xcconfig"; sourceTree = "<group>"; };
		5497B474F2E50E9F971B783C /* Pods_NASA_NASAUITests.framework */ = {isa = PBXFileReference; explicitFileType = wrapper.framework; includeInIndex = 0; path = Pods_NASA_NASAUITests.framework; sourceTree = BUILT_PRODUCTS_DIR; };
		750E26272D86C94E4AA6D679 /* Pods_NASA.framework */ = {isa = PBXFileReference; explicitFileType = wrapper.framework; includeInIndex = 0; path = Pods_NASA.framework; sourceTree = BUILT_PRODUCTS_DIR; };
		C350B61129F39E9F00EBB8C2 /* ImageViewModel.swift */ = {isa = PBXFileReference; lastKnownFileType = sourcecode.swift; path = ImageViewModel.swift; sourceTree = "<group>"; };
		C3F909E429F34B3500E6B2CF /* NASA.app */ = {isa = PBXFileReference; explicitFileType = wrapper.application; includeInIndex = 0; path = NASA.app; sourceTree = BUILT_PRODUCTS_DIR; };
		C3F909E729F34B3500E6B2CF /* AppDelegate.swift */ = {isa = PBXFileReference; lastKnownFileType = sourcecode.swift; path = AppDelegate.swift; sourceTree = "<group>"; };
		C3F909E929F34B3500E6B2CF /* SceneDelegate.swift */ = {isa = PBXFileReference; lastKnownFileType = sourcecode.swift; path = SceneDelegate.swift; sourceTree = "<group>"; };
		C3F909F029F34B3600E6B2CF /* Assets.xcassets */ = {isa = PBXFileReference; lastKnownFileType = folder.assetcatalog; path = Assets.xcassets; sourceTree = "<group>"; };
		C3F909F329F34B3600E6B2CF /* Base */ = {isa = PBXFileReference; lastKnownFileType = file.storyboard; name = Base; path = Base.lproj/LaunchScreen.storyboard; sourceTree = "<group>"; };
		C3F909F529F34B3600E6B2CF /* Info.plist */ = {isa = PBXFileReference; lastKnownFileType = text.plist.xml; path = Info.plist; sourceTree = "<group>"; };
		C3F909FA29F34B3600E6B2CF /* NASATests.xctest */ = {isa = PBXFileReference; explicitFileType = wrapper.cfbundle; includeInIndex = 0; path = NASATests.xctest; sourceTree = BUILT_PRODUCTS_DIR; };
		C3F909FE29F34B3600E6B2CF /* NASATests.swift */ = {isa = PBXFileReference; lastKnownFileType = sourcecode.swift; path = NASATests.swift; sourceTree = "<group>"; };
		C3F90A0429F34B3600E6B2CF /* NASAUITests.xctest */ = {isa = PBXFileReference; explicitFileType = wrapper.cfbundle; includeInIndex = 0; path = NASAUITests.xctest; sourceTree = BUILT_PRODUCTS_DIR; };
		C3F90A0829F34B3600E6B2CF /* NASAUITests.swift */ = {isa = PBXFileReference; lastKnownFileType = sourcecode.swift; path = NASAUITests.swift; sourceTree = "<group>"; };
		C3F90A0A29F34B3600E6B2CF /* NASAUITestsLaunchTests.swift */ = {isa = PBXFileReference; lastKnownFileType = sourcecode.swift; path = NASAUITestsLaunchTests.swift; sourceTree = "<group>"; };
		C3F90A1C29F34F9300E6B2CF /* CollectionViewController.swift */ = {isa = PBXFileReference; lastKnownFileType = sourcecode.swift; path = CollectionViewController.swift; sourceTree = "<group>"; };
		C3F90A1E29F34FEB00E6B2CF /* ImageManager.swift */ = {isa = PBXFileReference; lastKnownFileType = sourcecode.swift; path = ImageManager.swift; sourceTree = "<group>"; };
		C3F90A2029F35B3B00E6B2CF /* CollectionViewCell.swift */ = {isa = PBXFileReference; lastKnownFileType = sourcecode.swift; path = CollectionViewCell.swift; sourceTree = "<group>"; };
		C3F90A2229F35CBE00E6B2CF /* Image.swift */ = {isa = PBXFileReference; lastKnownFileType = sourcecode.swift; path = Image.swift; sourceTree = "<group>"; };
		F7B4B4004F95BE120FD7481D /* Pods-NASA-NASAUITests.debug.xcconfig */ = {isa = PBXFileReference; includeInIndex = 1; lastKnownFileType = text.xcconfig; name = "Pods-NASA-NASAUITests.debug.xcconfig"; path = "Target Support Files/Pods-NASA-NASAUITests/Pods-NASA-NASAUITests.debug.xcconfig"; sourceTree = "<group>"; };
/* End PBXFileReference section */

/* Begin PBXFrameworksBuildPhase section */
		C3F909E129F34B3500E6B2CF /* Frameworks */ = {
			isa = PBXFrameworksBuildPhase;
			buildActionMask = 2147483647;
			files = (
				2DFF7229775EF19D1187F47A /* Pods_NASA.framework in Frameworks */,
			);
			runOnlyForDeploymentPostprocessing = 0;
		};
		C3F909F729F34B3600E6B2CF /* Frameworks */ = {
			isa = PBXFrameworksBuildPhase;
			buildActionMask = 2147483647;
			files = (
				F47FA057C471F64998A5EE0A /* Pods_NASATests.framework in Frameworks */,
			);
			runOnlyForDeploymentPostprocessing = 0;
		};
		C3F90A0129F34B3600E6B2CF /* Frameworks */ = {
			isa = PBXFrameworksBuildPhase;
			buildActionMask = 2147483647;
			files = (
				78DBB7596C7911BF281D7DBF /* Pods_NASA_NASAUITests.framework in Frameworks */,
			);
			runOnlyForDeploymentPostprocessing = 0;
		};
/* End PBXFrameworksBuildPhase section */

/* Begin PBXGroup section */
		60741079414DA0E84DB481AA /* Pods */ = {
			isa = PBXGroup;
			children = (
				4056E326E41ACDA0FA68764B /* Pods-NASA.debug.xcconfig */,
				3B433949CAF918F1FB38A815 /* Pods-NASA.release.xcconfig */,
				F7B4B4004F95BE120FD7481D /* Pods-NASA-NASAUITests.debug.xcconfig */,
				4D3B20928738A7B62C6F1CF7 /* Pods-NASA-NASAUITests.release.xcconfig */,
				407CEB148C94E5AE0C05793B /* Pods-NASATests.debug.xcconfig */,
				0A68C90D0CD1496695E0E533 /* Pods-NASATests.release.xcconfig */,
			);
			path = Pods;
			sourceTree = "<group>";
		};
		AE58385A1D6163093540F33E /* Frameworks */ = {
			isa = PBXGroup;
			children = (
				750E26272D86C94E4AA6D679 /* Pods_NASA.framework */,
				5497B474F2E50E9F971B783C /* Pods_NASA_NASAUITests.framework */,
				22D30CF2BCB5973A4D5455C8 /* Pods_NASATests.framework */,
			);
			name = Frameworks;
			sourceTree = "<group>";
		};
		C3F909DB29F34B3500E6B2CF = {
			isa = PBXGroup;
			children = (
				C3F909E629F34B3500E6B2CF /* NASA */,
				C3F909FD29F34B3600E6B2CF /* NASATests */,
				C3F90A0729F34B3600E6B2CF /* NASAUITests */,
				C3F909E529F34B3500E6B2CF /* Products */,
				60741079414DA0E84DB481AA /* Pods */,
				AE58385A1D6163093540F33E /* Frameworks */,
			);
			sourceTree = "<group>";
		};
		C3F909E529F34B3500E6B2CF /* Products */ = {
			isa = PBXGroup;
			children = (
				C3F909E429F34B3500E6B2CF /* NASA.app */,
				C3F909FA29F34B3600E6B2CF /* NASATests.xctest */,
				C3F90A0429F34B3600E6B2CF /* NASAUITests.xctest */,
			);
			name = Products;
			sourceTree = "<group>";
		};
		C3F909E629F34B3500E6B2CF /* NASA */ = {
			isa = PBXGroup;
			children = (
				C3F90A1B29F34F7D00E6B2CF /* ViewModel */,
				C3F90A1A29F34F7600E6B2CF /* View */,
				C3F90A1929F34F6F00E6B2CF /* Model */,
				C3F90A1829F34F6300E6B2CF /* Services */,
				C3F90A1729F34F5D00E6B2CF /* Components */,
				C3F909E729F34B3500E6B2CF /* AppDelegate.swift */,
				C3F909E929F34B3500E6B2CF /* SceneDelegate.swift */,
				C3F909F029F34B3600E6B2CF /* Assets.xcassets */,
				C3F909F229F34B3600E6B2CF /* LaunchScreen.storyboard */,
				C3F909F529F34B3600E6B2CF /* Info.plist */,
			);
			path = NASA;
			sourceTree = "<group>";
		};
		C3F909FD29F34B3600E6B2CF /* NASATests */ = {
			isa = PBXGroup;
			children = (
				C3F909FE29F34B3600E6B2CF /* NASATests.swift */,
			);
			path = NASATests;
			sourceTree = "<group>";
		};
		C3F90A0729F34B3600E6B2CF /* NASAUITests */ = {
			isa = PBXGroup;
			children = (
				C3F90A0829F34B3600E6B2CF /* NASAUITests.swift */,
				C3F90A0A29F34B3600E6B2CF /* NASAUITestsLaunchTests.swift */,
			);
			path = NASAUITests;
			sourceTree = "<group>";
		};
		C3F90A1729F34F5D00E6B2CF /* Components */ = {
			isa = PBXGroup;
			children = (
				C3F90A2029F35B3B00E6B2CF /* CollectionViewCell.swift */,
			);
			path = Components;
			sourceTree = "<group>";
		};
		C3F90A1829F34F6300E6B2CF /* Services */ = {
			isa = PBXGroup;
			children = (
				C3F90A1E29F34FEB00E6B2CF /* ImageManager.swift */,
			);
			path = Services;
			sourceTree = "<group>";
		};
		C3F90A1929F34F6F00E6B2CF /* Model */ = {
			isa = PBXGroup;
			children = (
				C3F90A2229F35CBE00E6B2CF /* Image.swift */,
			);
			path = Model;
			sourceTree = "<group>";
		};
		C3F90A1A29F34F7600E6B2CF /* View */ = {
			isa = PBXGroup;
			children = (
				C3F90A1C29F34F9300E6B2CF /* CollectionViewController.swift */,
			);
			path = View;
			sourceTree = "<group>";
		};
		C3F90A1B29F34F7D00E6B2CF /* ViewModel */ = {
			isa = PBXGroup;
			children = (
				C350B61129F39E9F00EBB8C2 /* ImageViewModel.swift */,
			);
			path = ViewModel;
			sourceTree = "<group>";
		};
/* End PBXGroup section */

/* Begin PBXNativeTarget section */
		C3F909E329F34B3500E6B2CF /* NASA */ = {
			isa = PBXNativeTarget;
			buildConfigurationList = C3F90A0E29F34B3600E6B2CF /* Build configuration list for PBXNativeTarget "NASA" */;
			buildPhases = (
				431E3E9D6D4CCA8D68C96D54 /* [CP] Check Pods Manifest.lock */,
				C3F909E029F34B3500E6B2CF /* Sources */,
				C3F909E129F34B3500E6B2CF /* Frameworks */,
				C3F909E229F34B3500E6B2CF /* Resources */,
				6F13A45C5D6B4E3A39913047 /* [CP] Embed Pods Frameworks */,
			);
			buildRules = (
			);
			dependencies = (
			);
			name = NASA;
			productName = NASA;
			productReference = C3F909E429F34B3500E6B2CF /* NASA.app */;
			productType = "com.apple.product-type.application";
		};
		C3F909F929F34B3600E6B2CF /* NASATests */ = {
			isa = PBXNativeTarget;
			buildConfigurationList = C3F90A1129F34B3600E6B2CF /* Build configuration list for PBXNativeTarget "NASATests" */;
			buildPhases = (
				9F1A82ABEA9B9513ACE827CC /* [CP] Check Pods Manifest.lock */,
				C3F909F629F34B3600E6B2CF /* Sources */,
				C3F909F729F34B3600E6B2CF /* Frameworks */,
				C3F909F829F34B3600E6B2CF /* Resources */,
			);
			buildRules = (
			);
			dependencies = (
				C3F909FC29F34B3600E6B2CF /* PBXTargetDependency */,
			);
			name = NASATests;
			productName = NASATests;
			productReference = C3F909FA29F34B3600E6B2CF /* NASATests.xctest */;
			productType = "com.apple.product-type.bundle.unit-test";
		};
		C3F90A0329F34B3600E6B2CF /* NASAUITests */ = {
			isa = PBXNativeTarget;
			buildConfigurationList = C3F90A1429F34B3600E6B2CF /* Build configuration list for PBXNativeTarget "NASAUITests" */;
			buildPhases = (
				38E72B1D358F902B0EFBC547 /* [CP] Check Pods Manifest.lock */,
				C3F90A0029F34B3600E6B2CF /* Sources */,
				C3F90A0129F34B3600E6B2CF /* Frameworks */,
				C3F90A0229F34B3600E6B2CF /* Resources */,
				D0DC89E3EBF7D36D3703FF6F /* [CP] Embed Pods Frameworks */,
			);
			buildRules = (
			);
			dependencies = (
				C3F90A0629F34B3600E6B2CF /* PBXTargetDependency */,
			);
			name = NASAUITests;
			productName = NASAUITests;
			productReference = C3F90A0429F34B3600E6B2CF /* NASAUITests.xctest */;
			productType = "com.apple.product-type.bundle.ui-testing";
		};
/* End PBXNativeTarget section */

/* Begin PBXProject section */
		C3F909DC29F34B3500E6B2CF /* Project object */ = {
			isa = PBXProject;
			attributes = {
				BuildIndependentTargetsInParallel = 1;
				LastSwiftUpdateCheck = 1420;
				LastUpgradeCheck = 1420;
				TargetAttributes = {
					C3F909E329F34B3500E6B2CF = {
						CreatedOnToolsVersion = 14.2;
					};
					C3F909F929F34B3600E6B2CF = {
						CreatedOnToolsVersion = 14.2;
						TestTargetID = C3F909E329F34B3500E6B2CF;
					};
					C3F90A0329F34B3600E6B2CF = {
						CreatedOnToolsVersion = 14.2;
						TestTargetID = C3F909E329F34B3500E6B2CF;
					};
				};
			};
			buildConfigurationList = C3F909DF29F34B3500E6B2CF /* Build configuration list for PBXProject "NASA" */;
			compatibilityVersion = "Xcode 14.0";
			developmentRegion = en;
			hasScannedForEncodings = 0;
			knownRegions = (
				en,
				Base,
			);
			mainGroup = C3F909DB29F34B3500E6B2CF;
			productRefGroup = C3F909E529F34B3500E6B2CF /* Products */;
			projectDirPath = "";
			projectRoot = "";
			targets = (
				C3F909E329F34B3500E6B2CF /* NASA */,
				C3F909F929F34B3600E6B2CF /* NASATests */,
				C3F90A0329F34B3600E6B2CF /* NASAUITests */,
			);
		};
/* End PBXProject section */

/* Begin PBXResourcesBuildPhase section */
		C3F909E229F34B3500E6B2CF /* Resources */ = {
			isa = PBXResourcesBuildPhase;
			buildActionMask = 2147483647;
			files = (
				C3F909F429F34B3600E6B2CF /* LaunchScreen.storyboard in Resources */,
				C3F909F129F34B3600E6B2CF /* Assets.xcassets in Resources */,
			);
			runOnlyForDeploymentPostprocessing = 0;
		};
		C3F909F829F34B3600E6B2CF /* Resources */ = {
			isa = PBXResourcesBuildPhase;
			buildActionMask = 2147483647;
			files = (
			);
			runOnlyForDeploymentPostprocessing = 0;
		};
		C3F90A0229F34B3600E6B2CF /* Resources */ = {
			isa = PBXResourcesBuildPhase;
			buildActionMask = 2147483647;
			files = (
			);
			runOnlyForDeploymentPostprocessing = 0;
		};
/* End PBXResourcesBuildPhase section */

/* Begin PBXShellScriptBuildPhase section */
		38E72B1D358F902B0EFBC547 /* [CP] Check Pods Manifest.lock */ = {
			isa = PBXShellScriptBuildPhase;
			buildActionMask = 2147483647;
			files = (
			);
			inputFileListPaths = (
			);
			inputPaths = (
				"${PODS_PODFILE_DIR_PATH}/Podfile.lock",
				"${PODS_ROOT}/Manifest.lock",
			);
			name = "[CP] Check Pods Manifest.lock";
			outputFileListPaths = (
			);
			outputPaths = (
				"$(DERIVED_FILE_DIR)/Pods-NASA-NASAUITests-checkManifestLockResult.txt",
			);
			runOnlyForDeploymentPostprocessing = 0;
			shellPath = /bin/sh;
			shellScript = "diff \"${PODS_PODFILE_DIR_PATH}/Podfile.lock\" \"${PODS_ROOT}/Manifest.lock\" > /dev/null\nif [ $? != 0 ] ; then\n    # print error to STDERR\n    echo \"error: The sandbox is not in sync with the Podfile.lock. Run 'pod install' or update your CocoaPods installation.\" >&2\n    exit 1\nfi\n# This output is used by Xcode 'outputs' to avoid re-running this script phase.\necho \"SUCCESS\" > \"${SCRIPT_OUTPUT_FILE_0}\"\n";
			showEnvVarsInLog = 0;
		};
		431E3E9D6D4CCA8D68C96D54 /* [CP] Check Pods Manifest.lock */ = {
			isa = PBXShellScriptBuildPhase;
			buildActionMask = 2147483647;
			files = (
			);
			inputFileListPaths = (
			);
			inputPaths = (
				"${PODS_PODFILE_DIR_PATH}/Podfile.lock",
				"${PODS_ROOT}/Manifest.lock",
			);
			name = "[CP] Check Pods Manifest.lock";
			outputFileListPaths = (
			);
			outputPaths = (
				"$(DERIVED_FILE_DIR)/Pods-NASA-checkManifestLockResult.txt",
			);
			runOnlyForDeploymentPostprocessing = 0;
			shellPath = /bin/sh;
			shellScript = "diff \"${PODS_PODFILE_DIR_PATH}/Podfile.lock\" \"${PODS_ROOT}/Manifest.lock\" > /dev/null\nif [ $? != 0 ] ; then\n    # print error to STDERR\n    echo \"error: The sandbox is not in sync with the Podfile.lock. Run 'pod install' or update your CocoaPods installation.\" >&2\n    exit 1\nfi\n# This output is used by Xcode 'outputs' to avoid re-running this script phase.\necho \"SUCCESS\" > \"${SCRIPT_OUTPUT_FILE_0}\"\n";
			showEnvVarsInLog = 0;
		};
		6F13A45C5D6B4E3A39913047 /* [CP] Embed Pods Frameworks */ = {
			isa = PBXShellScriptBuildPhase;
			buildActionMask = 2147483647;
			files = (
			);
			inputFileListPaths = (
				"${PODS_ROOT}/Target Support Files/Pods-NASA/Pods-NASA-frameworks-${CONFIGURATION}-input-files.xcfilelist",
			);
			name = "[CP] Embed Pods Frameworks";
			outputFileListPaths = (
				"${PODS_ROOT}/Target Support Files/Pods-NASA/Pods-NASA-frameworks-${CONFIGURATION}-output-files.xcfilelist",
			);
			runOnlyForDeploymentPostprocessing = 0;
			shellPath = /bin/sh;
			shellScript = "\"${PODS_ROOT}/Target Support Files/Pods-NASA/Pods-NASA-frameworks.sh\"\n";
			showEnvVarsInLog = 0;
		};
		9F1A82ABEA9B9513ACE827CC /* [CP] Check Pods Manifest.lock */ = {
			isa = PBXShellScriptBuildPhase;
			buildActionMask = 2147483647;
			files = (
			);
			inputFileListPaths = (
			);
			inputPaths = (
				"${PODS_PODFILE_DIR_PATH}/Podfile.lock",
				"${PODS_ROOT}/Manifest.lock",
			);
			name = "[CP] Check Pods Manifest.lock";
			outputFileListPaths = (
			);
			outputPaths = (
				"$(DERIVED_FILE_DIR)/Pods-NASATests-checkManifestLockResult.txt",
			);
			runOnlyForDeploymentPostprocessing = 0;
			shellPath = /bin/sh;
			shellScript = "diff \"${PODS_PODFILE_DIR_PATH}/Podfile.lock\" \"${PODS_ROOT}/Manifest.lock\" > /dev/null\nif [ $? != 0 ] ; then\n    # print error to STDERR\n    echo \"error: The sandbox is not in sync with the Podfile.lock. Run 'pod install' or update your CocoaPods installation.\" >&2\n    exit 1\nfi\n# This output is used by Xcode 'outputs' to avoid re-running this script phase.\necho \"SUCCESS\" > \"${SCRIPT_OUTPUT_FILE_0}\"\n";
			showEnvVarsInLog = 0;
		};
		D0DC89E3EBF7D36D3703FF6F /* [CP] Embed Pods Frameworks */ = {
			isa = PBXShellScriptBuildPhase;
			buildActionMask = 2147483647;
			files = (
			);
			inputFileListPaths = (
				"${PODS_ROOT}/Target Support Files/Pods-NASA-NASAUITests/Pods-NASA-NASAUITests-frameworks-${CONFIGURATION}-input-files.xcfilelist",
			);
			name = "[CP] Embed Pods Frameworks";
			outputFileListPaths = (
				"${PODS_ROOT}/Target Support Files/Pods-NASA-NASAUITests/Pods-NASA-NASAUITests-frameworks-${CONFIGURATION}-output-files.xcfilelist",
			);
			runOnlyForDeploymentPostprocessing = 0;
			shellPath = /bin/sh;
			shellScript = "\"${PODS_ROOT}/Target Support Files/Pods-NASA-NASAUITests/Pods-NASA-NASAUITests-frameworks.sh\"\n";
			showEnvVarsInLog = 0;
		};
/* End PBXShellScriptBuildPhase section */

/* Begin PBXSourcesBuildPhase section */
		C3F909E029F34B3500E6B2CF /* Sources */ = {
			isa = PBXSourcesBuildPhase;
			buildActionMask = 2147483647;
			files = (
				C3F90A2329F35CBE00E6B2CF /* Image.swift in Sources */,
				C3F90A1D29F34F9300E6B2CF /* CollectionViewController.swift in Sources */,
				C3F90A1F29F34FEB00E6B2CF /* ImageManager.swift in Sources */,
				C3F90A2129F35B3B00E6B2CF /* CollectionViewCell.swift in Sources */,
				C3F909E829F34B3500E6B2CF /* AppDelegate.swift in Sources */,
				C350B61229F39E9F00EBB8C2 /* ImageViewModel.swift in Sources */,
				C3F909EA29F34B3500E6B2CF /* SceneDelegate.swift in Sources */,
			);
			runOnlyForDeploymentPostprocessing = 0;
		};
		C3F909F629F34B3600E6B2CF /* Sources */ = {
			isa = PBXSourcesBuildPhase;
			buildActionMask = 2147483647;
			files = (
				C3F909FF29F34B3600E6B2CF /* NASATests.swift in Sources */,
			);
			runOnlyForDeploymentPostprocessing = 0;
		};
		C3F90A0029F34B3600E6B2CF /* Sources */ = {
			isa = PBXSourcesBuildPhase;
			buildActionMask = 2147483647;
			files = (
				C3F90A0929F34B3600E6B2CF /* NASAUITests.swift in Sources */,
				C3F90A0B29F34B3600E6B2CF /* NASAUITestsLaunchTests.swift in Sources */,
			);
			runOnlyForDeploymentPostprocessing = 0;
		};
/* End PBXSourcesBuildPhase section */

/* Begin PBXTargetDependency section */
		C3F909FC29F34B3600E6B2CF /* PBXTargetDependency */ = {
			isa = PBXTargetDependency;
			target = C3F909E329F34B3500E6B2CF /* NASA */;
			targetProxy = C3F909FB29F34B3600E6B2CF /* PBXContainerItemProxy */;
		};
		C3F90A0629F34B3600E6B2CF /* PBXTargetDependency */ = {
			isa = PBXTargetDependency;
			target = C3F909E329F34B3500E6B2CF /* NASA */;
			targetProxy = C3F90A0529F34B3600E6B2CF /* PBXContainerItemProxy */;
		};
/* End PBXTargetDependency section */

/* Begin PBXVariantGroup section */
		C3F909F229F34B3600E6B2CF /* LaunchScreen.storyboard */ = {
			isa = PBXVariantGroup;
			children = (
				C3F909F329F34B3600E6B2CF /* Base */,
			);
			name = LaunchScreen.storyboard;
			sourceTree = "<group>";
		};
/* End PBXVariantGroup section */

/* Begin XCBuildConfiguration section */
		C3F90A0C29F34B3600E6B2CF /* Debug */ = {
			isa = XCBuildConfiguration;
			buildSettings = {
				ALWAYS_SEARCH_USER_PATHS = NO;
				CLANG_ANALYZER_NONNULL = YES;
				CLANG_ANALYZER_NUMBER_OBJECT_CONVERSION = YES_AGGRESSIVE;
				CLANG_CXX_LANGUAGE_STANDARD = "gnu++20";
				CLANG_ENABLE_MODULES = YES;
				CLANG_ENABLE_OBJC_ARC = YES;
				CLANG_ENABLE_OBJC_WEAK = YES;
				CLANG_WARN_BLOCK_CAPTURE_AUTORELEASING = YES;
				CLANG_WARN_BOOL_CONVERSION = YES;
				CLANG_WARN_COMMA = YES;
				CLANG_WARN_CONSTANT_CONVERSION = YES;
				CLANG_WARN_DEPRECATED_OBJC_IMPLEMENTATIONS = YES;
				CLANG_WARN_DIRECT_OBJC_ISA_USAGE = YES_ERROR;
				CLANG_WARN_DOCUMENTATION_COMMENTS = YES;
				CLANG_WARN_EMPTY_BODY = YES;
				CLANG_WARN_ENUM_CONVERSION = YES;
				CLANG_WARN_INFINITE_RECURSION = YES;
				CLANG_WARN_INT_CONVERSION = YES;
				CLANG_WARN_NON_LITERAL_NULL_CONVERSION = YES;
				CLANG_WARN_OBJC_IMPLICIT_RETAIN_SELF = YES;
				CLANG_WARN_OBJC_LITERAL_CONVERSION = YES;
				CLANG_WARN_OBJC_ROOT_CLASS = YES_ERROR;
				CLANG_WARN_QUOTED_INCLUDE_IN_FRAMEWORK_HEADER = YES;
				CLANG_WARN_RANGE_LOOP_ANALYSIS = YES;
				CLANG_WARN_STRICT_PROTOTYPES = YES;
				CLANG_WARN_SUSPICIOUS_MOVE = YES;
				CLANG_WARN_UNGUARDED_AVAILABILITY = YES_AGGRESSIVE;
				CLANG_WARN_UNREACHABLE_CODE = YES;
				CLANG_WARN__DUPLICATE_METHOD_MATCH = YES;
				COPY_PHASE_STRIP = NO;
				DEBUG_INFORMATION_FORMAT = dwarf;
				ENABLE_STRICT_OBJC_MSGSEND = YES;
				ENABLE_TESTABILITY = YES;
				GCC_C_LANGUAGE_STANDARD = gnu11;
				GCC_DYNAMIC_NO_PIC = NO;
				GCC_NO_COMMON_BLOCKS = YES;
				GCC_OPTIMIZATION_LEVEL = 0;
				GCC_PREPROCESSOR_DEFINITIONS = (
					"DEBUG=1",
					"$(inherited)",
				);
				GCC_WARN_64_TO_32_BIT_CONVERSION = YES;
				GCC_WARN_ABOUT_RETURN_TYPE = YES_ERROR;
				GCC_WARN_UNDECLARED_SELECTOR = YES;
				GCC_WARN_UNINITIALIZED_AUTOS = YES_AGGRESSIVE;
				GCC_WARN_UNUSED_FUNCTION = YES;
				GCC_WARN_UNUSED_VARIABLE = YES;
				IPHONEOS_DEPLOYMENT_TARGET = 16.2;
				MTL_ENABLE_DEBUG_INFO = INCLUDE_SOURCE;
				MTL_FAST_MATH = YES;
				ONLY_ACTIVE_ARCH = YES;
				SDKROOT = iphoneos;
				SWIFT_ACTIVE_COMPILATION_CONDITIONS = DEBUG;
				SWIFT_OPTIMIZATION_LEVEL = "-Onone";
			};
			name = Debug;
		};
		C3F90A0D29F34B3600E6B2CF /* Release */ = {
			isa = XCBuildConfiguration;
			buildSettings = {
				ALWAYS_SEARCH_USER_PATHS = NO;
				CLANG_ANALYZER_NONNULL = YES;
				CLANG_ANALYZER_NUMBER_OBJECT_CONVERSION = YES_AGGRESSIVE;
				CLANG_CXX_LANGUAGE_STANDARD = "gnu++20";
				CLANG_ENABLE_MODULES = YES;
				CLANG_ENABLE_OBJC_ARC = YES;
				CLANG_ENABLE_OBJC_WEAK = YES;
				CLANG_WARN_BLOCK_CAPTURE_AUTORELEASING = YES;
				CLANG_WARN_BOOL_CONVERSION = YES;
				CLANG_WARN_COMMA = YES;
				CLANG_WARN_CONSTANT_CONVERSION = YES;
				CLANG_WARN_DEPRECATED_OBJC_IMPLEMENTATIONS = YES;
				CLANG_WARN_DIRECT_OBJC_ISA_USAGE = YES_ERROR;
				CLANG_WARN_DOCUMENTATION_COMMENTS = YES;
				CLANG_WARN_EMPTY_BODY = YES;
				CLANG_WARN_ENUM_CONVERSION = YES;
				CLANG_WARN_INFINITE_RECURSION = YES;
				CLANG_WARN_INT_CONVERSION = YES;
				CLANG_WARN_NON_LITERAL_NULL_CONVERSION = YES;
				CLANG_WARN_OBJC_IMPLICIT_RETAIN_SELF = YES;
				CLANG_WARN_OBJC_LITERAL_CONVERSION = YES;
				CLANG_WARN_OBJC_ROOT_CLASS = YES_ERROR;
				CLANG_WARN_QUOTED_INCLUDE_IN_FRAMEWORK_HEADER = YES;
				CLANG_WARN_RANGE_LOOP_ANALYSIS = YES;
				CLANG_WARN_STRICT_PROTOTYPES = YES;
				CLANG_WARN_SUSPICIOUS_MOVE = YES;
				CLANG_WARN_UNGUARDED_AVAILABILITY = YES_AGGRESSIVE;
				CLANG_WARN_UNREACHABLE_CODE = YES;
				CLANG_WARN__DUPLICATE_METHOD_MATCH = YES;
				COPY_PHASE_STRIP = NO;
				DEBUG_INFORMATION_FORMAT = "dwarf-with-dsym";
				ENABLE_NS_ASSERTIONS = NO;
				ENABLE_STRICT_OBJC_MSGSEND = YES;
				GCC_C_LANGUAGE_STANDARD = gnu11;
				GCC_NO_COMMON_BLOCKS = YES;
				GCC_WARN_64_TO_32_BIT_CONVERSION = YES;
				GCC_WARN_ABOUT_RETURN_TYPE = YES_ERROR;
				GCC_WARN_UNDECLARED_SELECTOR = YES;
				GCC_WARN_UNINITIALIZED_AUTOS = YES_AGGRESSIVE;
				GCC_WARN_UNUSED_FUNCTION = YES;
				GCC_WARN_UNUSED_VARIABLE = YES;
				IPHONEOS_DEPLOYMENT_TARGET = 16.2;
				MTL_ENABLE_DEBUG_INFO = NO;
				MTL_FAST_MATH = YES;
				SDKROOT = iphoneos;
				SWIFT_COMPILATION_MODE = wholemodule;
				SWIFT_OPTIMIZATION_LEVEL = "-O";
				VALIDATE_PRODUCT = YES;
			};
			name = Release;
		};
		C3F90A0F29F34B3600E6B2CF /* Debug */ = {
			isa = XCBuildConfiguration;
			baseConfigurationReference = 4056E326E41ACDA0FA68764B /* Pods-NASA.debug.xcconfig */;
			buildSettings = {
				ASSETCATALOG_COMPILER_APPICON_NAME = AppIcon;
				ASSETCATALOG_COMPILER_GLOBAL_ACCENT_COLOR_NAME = AccentColor;
				CODE_SIGN_STYLE = Automatic;
				CURRENT_PROJECT_VERSION = 1;
				GENERATE_INFOPLIST_FILE = YES;
				INFOPLIST_FILE = NASA/Info.plist;
				INFOPLIST_KEY_UIApplicationSupportsIndirectInputEvents = YES;
				INFOPLIST_KEY_UILaunchStoryboardName = LaunchScreen;
				INFOPLIST_KEY_UISupportedInterfaceOrientations_iPad = "UIInterfaceOrientationPortrait UIInterfaceOrientationPortraitUpsideDown UIInterfaceOrientationLandscapeLeft UIInterfaceOrientationLandscapeRight";
				INFOPLIST_KEY_UISupportedInterfaceOrientations_iPhone = "UIInterfaceOrientationPortrait UIInterfaceOrientationLandscapeLeft UIInterfaceOrientationLandscapeRight";
				IPHONEOS_DEPLOYMENT_TARGET = 13.0;
				LD_RUNPATH_SEARCH_PATHS = (
					"$(inherited)",
					"@executable_path/Frameworks",
				);
				MARKETING_VERSION = 1.0;
				PRODUCT_BUNDLE_IDENTIFIER = com.play.andrey.NASA;
				PRODUCT_NAME = "$(TARGET_NAME)";
				SWIFT_EMIT_LOC_STRINGS = YES;
				SWIFT_VERSION = 5.0;
				TARGETED_DEVICE_FAMILY = "1,2";
			};
			name = Debug;
		};
		C3F90A1029F34B3600E6B2CF /* Release */ = {
			isa = XCBuildConfiguration;
			baseConfigurationReference = 3B433949CAF918F1FB38A815 /* Pods-NASA.release.xcconfig */;
			buildSettings = {
				ASSETCATALOG_COMPILER_APPICON_NAME = AppIcon;
				ASSETCATALOG_COMPILER_GLOBAL_ACCENT_COLOR_NAME = AccentColor;
				CODE_SIGN_STYLE = Automatic;
				CURRENT_PROJECT_VERSION = 1;
				GENERATE_INFOPLIST_FILE = YES;
				INFOPLIST_FILE = NASA/Info.plist;
				INFOPLIST_KEY_UIApplicationSupportsIndirectInputEvents = YES;
				INFOPLIST_KEY_UILaunchStoryboardName = LaunchScreen;
				INFOPLIST_KEY_UISupportedInterfaceOrientations_iPad = "UIInterfaceOrientationPortrait UIInterfaceOrientationPortraitUpsideDown UIInterfaceOrientationLandscapeLeft UIInterfaceOrientationLandscapeRight";
				INFOPLIST_KEY_UISupportedInterfaceOrientations_iPhone = "UIInterfaceOrientationPortrait UIInterfaceOrientationLandscapeLeft UIInterfaceOrientationLandscapeRight";
				IPHONEOS_DEPLOYMENT_TARGET = 13.0;
				LD_RUNPATH_SEARCH_PATHS = (
					"$(inherited)",
					"@executable_path/Frameworks",
				);
				MARKETING_VERSION = 1.0;
				PRODUCT_BUNDLE_IDENTIFIER = com.play.andrey.NASA;
				PRODUCT_NAME = "$(TARGET_NAME)";
				SWIFT_EMIT_LOC_STRINGS = YES;
				SWIFT_VERSION = 5.0;
				TARGETED_DEVICE_FAMILY = "1,2";
			};
			name = Release;
		};
		C3F90A1229F34B3600E6B2CF /* Debug */ = {
			isa = XCBuildConfiguration;
			baseConfigurationReference = 407CEB148C94E5AE0C05793B /* Pods-NASATests.debug.xcconfig */;
			buildSettings = {
				ALWAYS_EMBED_SWIFT_STANDARD_LIBRARIES = YES;
				BUNDLE_LOADER = "$(TEST_HOST)";
				CODE_SIGN_STYLE = Automatic;
				CURRENT_PROJECT_VERSION = 1;
				GENERATE_INFOPLIST_FILE = YES;
				IPHONEOS_DEPLOYMENT_TARGET = 16.2;
				MARKETING_VERSION = 1.0;
				PRODUCT_BUNDLE_IDENTIFIER = com.play.andrey.NASATests;
				PRODUCT_NAME = "$(TARGET_NAME)";
				SWIFT_EMIT_LOC_STRINGS = NO;
				SWIFT_VERSION = 5.0;
				TARGETED_DEVICE_FAMILY = "1,2";
				TEST_HOST = "$(BUILT_PRODUCTS_DIR)/NASA.app/$(BUNDLE_EXECUTABLE_FOLDER_PATH)/NASA";
			};
			name = Debug;
		};
		C3F90A1329F34B3600E6B2CF /* Release */ = {
			isa = XCBuildConfiguration;
			baseConfigurationReference = 0A68C90D0CD1496695E0E533 /* Pods-NASATests.release.xcconfig */;
			buildSettings = {
				ALWAYS_EMBED_SWIFT_STANDARD_LIBRARIES = YES;
				BUNDLE_LOADER = "$(TEST_HOST)";
				CODE_SIGN_STYLE = Automatic;
				CURRENT_PROJECT_VERSION = 1;
				GENERATE_INFOPLIST_FILE = YES;
				IPHONEOS_DEPLOYMENT_TARGET = 16.2;
				MARKETING_VERSION = 1.0;
				PRODUCT_BUNDLE_IDENTIFIER = com.play.andrey.NASATests;
				PRODUCT_NAME = "$(TARGET_NAME)";
				SWIFT_EMIT_LOC_STRINGS = NO;
				SWIFT_VERSION = 5.0;
				TARGETED_DEVICE_FAMILY = "1,2";
				TEST_HOST = "$(BUILT_PRODUCTS_DIR)/NASA.app/$(BUNDLE_EXECUTABLE_FOLDER_PATH)/NASA";
			};
			name = Release;
		};
		C3F90A1529F34B3600E6B2CF /* Debug */ = {
			isa = XCBuildConfiguration;
			baseConfigurationReference = F7B4B4004F95BE120FD7481D /* Pods-NASA-NASAUITests.debug.xcconfig */;
			buildSettings = {
				ALWAYS_EMBED_SWIFT_STANDARD_LIBRARIES = YES;
				CODE_SIGN_STYLE = Automatic;
				CURRENT_PROJECT_VERSION = 1;
				GENERATE_INFOPLIST_FILE = YES;
				MARKETING_VERSION = 1.0;
				PRODUCT_BUNDLE_IDENTIFIER = com.play.andrey.NASAUITests;
				PRODUCT_NAME = "$(TARGET_NAME)";
				SWIFT_EMIT_LOC_STRINGS = NO;
				SWIFT_VERSION = 5.0;
				TARGETED_DEVICE_FAMILY = "1,2";
				TEST_TARGET_NAME = NASA;
			};
			name = Debug;
		};
		C3F90A1629F34B3600E6B2CF /* Release */ = {
			isa = XCBuildConfiguration;
			baseConfigurationReference = 4D3B20928738A7B62C6F1CF7 /* Pods-NASA-NASAUITests.release.xcconfig */;
			buildSettings = {
				ALWAYS_EMBED_SWIFT_STANDARD_LIBRARIES = YES;
				CODE_SIGN_STYLE = Automatic;
				CURRENT_PROJECT_VERSION = 1;
				GENERATE_INFOPLIST_FILE = YES;
				MARKETING_VERSION = 1.0;
				PRODUCT_BUNDLE_IDENTIFIER = com.play.andrey.NASAUITests;
				PRODUCT_NAME = "$(TARGET_NAME)";
				SWIFT_EMIT_LOC_STRINGS = NO;
				SWIFT_VERSION = 5.0;
				TARGETED_DEVICE_FAMILY = "1,2";
				TEST_TARGET_NAME = NASA;
			};
			name = Release;
		};
/* End XCBuildConfiguration section */

/* Begin XCConfigurationList section */
		C3F909DF29F34B3500E6B2CF /* Build configuration list for PBXProject "NASA" */ = {
			isa = XCConfigurationList;
			buildConfigurations = (
				C3F90A0C29F34B3600E6B2CF /* Debug */,
				C3F90A0D29F34B3600E6B2CF /* Release */,
			);
			defaultConfigurationIsVisible = 0;
			defaultConfigurationName = Release;
		};
		C3F90A0E29F34B3600E6B2CF /* Build configuration list for PBXNativeTarget "NASA" */ = {
			isa = XCConfigurationList;
			buildConfigurations = (
				C3F90A0F29F34B3600E6B2CF /* Debug */,
				C3F90A1029F34B3600E6B2CF /* Release */,
			);
			defaultConfigurationIsVisible = 0;
			defaultConfigurationName = Release;
		};
		C3F90A1129F34B3600E6B2CF /* Build configuration list for PBXNativeTarget "NASATests" */ = {
			isa = XCConfigurationList;
			buildConfigurations = (
				C3F90A1229F34B3600E6B2CF /* Debug */,
				C3F90A1329F34B3600E6B2CF /* Release */,
			);
			defaultConfigurationIsVisible = 0;
			defaultConfigurationName = Release;
		};
		C3F90A1429F34B3600E6B2CF /* Build configuration list for PBXNativeTarget "NASAUITests" */ = {
			isa = XCConfigurationList;
			buildConfigurations = (
				C3F90A1529F34B3600E6B2CF /* Debug */,
				C3F90A1629F34B3600E6B2CF /* Release */,
			);
			defaultConfigurationIsVisible = 0;
			defaultConfigurationName = Release;
		};
/* End XCConfigurationList section */
	};
	rootObject = C3F909DC29F34B3500E6B2CF /* Project object */;
}
